
Microsoft Visual Studio Solution File, Format Version 12.00
# Visual Studio 15
VisualStudioVersion = 15.0.26730.12
MinimumVisualStudioVersion = 10.0.40219.1
Project("{FAE04EC0-301F-11D3-BF4B-00C04F79EFBC}") = "Project1", "Project1\Project1.csproj", "{7CE78041-F7C4-48B6-8051-87B89067B2FA}"
EndProject
Global
	GlobalSection(SolutionConfigurationPlatforms) = preSolution
		Debug|Any CPU = Debug|Any CPU
		Release|Any CPU = Release|Any CPU
	EndGlobalSection
	GlobalSection(ProjectConfigurationPlatforms) = postSolution
		{7CE78041-F7C4-48B6-8051-87B89067B2FA}.Debug|Any CPU.ActiveCfg = Debug|Any CPU
		{7CE78041-F7C4-48B6-8051-87B89067B2FA}.Debug|Any CPU.Build.0 = Debug|Any CPU
		{7CE78041-F7C4-48B6-8051-87B89067B2FA}.Release|Any CPU.ActiveCfg = Release|Any CPU
		{7CE78041-F7C4-48B6-8051-87B89067B2FA}.Release|Any CPU.Build.0 = Release|Any CPU
	EndGlobalSection
	GlobalSection(SolutionProperties) = preSolution
		HideSolutionNode = FALSE
	EndGlobalSection
	GlobalSection(ExtensibilityGlobals) = postSolution
		SolutionGuid = {1C4D56EF-740F-48A5-B430-2F79226BC066}
	EndGlobalSection
EndGlobal
