
Microsoft Visual Studio Solution File, Format Version 12.00
# Visual Studio 15
VisualStudioVersion = 15.0.26730.16
MinimumVisualStudioVersion = 10.0.40219.1
Project("{FAE04EC0-301F-11D3-BF4B-00C04F79EFBC}") = "Project1", "Project1\Project1.csproj", "{7CE78041-F7C4-48B6-8051-87B89067B2FA}"
EndProject
Project("{FAE04EC0-301F-11D3-BF4B-00C04F79EFBC}") = "Project2", "Project2\Project2.csproj", "{61CCBF9B-1F0A-49CC-9B64-A731B7881DE0}"
EndProject
Project("{FAE04EC0-301F-11D3-BF4B-00C04F79EFBC}") = "Project3", "Project3\Project3.csproj", "{A0FBFC54-B4D3-4F93-B9D7-A85EC088C5A7}"
EndProject
Project("{FAE04EC0-301F-11D3-BF4B-00C04F79EFBC}") = "Project4", "Project4\Project4.csproj", "{64EF6370-530B-452D-A5B9-3E019A2ED92F}"
EndProject
Project("{FAE04EC0-301F-11D3-BF4B-00C04F79EFBC}") = "Project5", "Project5\Project5.csproj", "{01FCBC93-8AB9-4A96-9B22-9127099F8AEF}"
EndProject
Project("{FAE04EC0-301F-11D3-BF4B-00C04F79EFBC}") = "Project6", "Project6\Project6.csproj", "{17A4B173-3DBF-4DE6-ADDC-2C3C6E414D3C}"
EndProject
Project("{FAE04EC0-301F-11D3-BF4B-00C04F79EFBC}") = "Project7", "Project7\Project7.csproj", "{9DFDEF16-9243-4EB8-ACD6-05B5B25942DE}"
EndProject
Project("{FAE04EC0-301F-11D3-BF4B-00C04F79EFBC}") = "Project8", "Project8\Project8.csproj", "{411597B4-1C1C-43B5-B102-164A9910BB3F}"
EndProject
Project("{FAE04EC0-301F-11D3-BF4B-00C04F79EFBC}") = "Project9", "Project9\Project9.csproj", "{246CC373-CCC1-4FF8-AE1F-4BF6F4871434}"
EndProject
Project("{FAE04EC0-301F-11D3-BF4B-00C04F79EFBC}") = "Project10", "Project10\Project10.csproj", "{4846E79B-3AE3-4A19-92DB-75C11299014A}"
EndProject
Project("{FAE04EC0-301F-11D3-BF4B-00C04F79EFBC}") = "Project11", "Project11\Project11.csproj", "{4B45B55C-9398-4DE1-A179-FF4B4C83DBBD}"
EndProject
Project("{FAE04EC0-301F-11D3-BF4B-00C04F79EFBC}") = "Project12", "Project12\Project12.csproj", "{A10B1965-CEFC-49D3-B01B-F68CED0CC703}"
EndProject
Project("{FAE04EC0-301F-11D3-BF4B-00C04F79EFBC}") = "Project13", "Project13\Project13.csproj", "{29CFCB77-5AA8-4578-85A9-8DDBC0514440}"
EndProject
Project("{FAE04EC0-301F-11D3-BF4B-00C04F79EFBC}") = "Project14", "Project14\Project14.csproj", "{BC01B7FF-C5F6-4C59-91A4-D1D51C7FDEC8}"
EndProject
Project("{FAE04EC0-301F-11D3-BF4B-00C04F79EFBC}") = "Project15", "Project15\Project15.csproj", "{63D133F2-04C0-4671-B9B4-6E1967EA83F5}"
EndProject
Project("{FAE04EC0-301F-11D3-BF4B-00C04F79EFBC}") = "Project16", "Project16\Project16.csproj", "{C3EB2601-434D-4999-846E-D3AC80FA391E}"
EndProject
Project("{FAE04EC0-301F-11D3-BF4B-00C04F79EFBC}") = "Project17", "Project17\Project17.csproj", "{C5C82396-506F-49B2-9F26-E284D98B0DBA}"
EndProject
Project("{FAE04EC0-301F-11D3-BF4B-00C04F79EFBC}") = "Project18", "Project18\Project18.csproj", "{59C6C511-9C87-439A-A44A-60775FCA9081}"
EndProject
Global
	GlobalSection(SolutionConfigurationPlatforms) = preSolution
		Debug|Any CPU = Debug|Any CPU
		Release|Any CPU = Release|Any CPU
	EndGlobalSection
	GlobalSection(ProjectConfigurationPlatforms) = postSolution
		{7CE78041-F7C4-48B6-8051-87B89067B2FA}.Debug|Any CPU.ActiveCfg = Debug|Any CPU
		{7CE78041-F7C4-48B6-8051-87B89067B2FA}.Debug|Any CPU.Build.0 = Debug|Any CPU
		{7CE78041-F7C4-48B6-8051-87B89067B2FA}.Release|Any CPU.ActiveCfg = Release|Any CPU
		{7CE78041-F7C4-48B6-8051-87B89067B2FA}.Release|Any CPU.Build.0 = Release|Any CPU
		{61CCBF9B-1F0A-49CC-9B64-A731B7881DE0}.Debug|Any CPU.ActiveCfg = Debug|Any CPU
		{61CCBF9B-1F0A-49CC-9B64-A731B7881DE0}.Debug|Any CPU.Build.0 = Debug|Any CPU
		{61CCBF9B-1F0A-49CC-9B64-A731B7881DE0}.Release|Any CPU.ActiveCfg = Release|Any CPU
		{61CCBF9B-1F0A-49CC-9B64-A731B7881DE0}.Release|Any CPU.Build.0 = Release|Any CPU
		{A0FBFC54-B4D3-4F93-B9D7-A85EC088C5A7}.Debug|Any CPU.ActiveCfg = Debug|Any CPU
		{A0FBFC54-B4D3-4F93-B9D7-A85EC088C5A7}.Debug|Any CPU.Build.0 = Debug|Any CPU
		{A0FBFC54-B4D3-4F93-B9D7-A85EC088C5A7}.Release|Any CPU.ActiveCfg = Release|Any CPU
		{A0FBFC54-B4D3-4F93-B9D7-A85EC088C5A7}.Release|Any CPU.Build.0 = Release|Any CPU
		{64EF6370-530B-452D-A5B9-3E019A2ED92F}.Debug|Any CPU.ActiveCfg = Debug|Any CPU
		{64EF6370-530B-452D-A5B9-3E019A2ED92F}.Debug|Any CPU.Build.0 = Debug|Any CPU
		{64EF6370-530B-452D-A5B9-3E019A2ED92F}.Release|Any CPU.ActiveCfg = Release|Any CPU
		{64EF6370-530B-452D-A5B9-3E019A2ED92F}.Release|Any CPU.Build.0 = Release|Any CPU
		{01FCBC93-8AB9-4A96-9B22-9127099F8AEF}.Debug|Any CPU.ActiveCfg = Debug|Any CPU
		{01FCBC93-8AB9-4A96-9B22-9127099F8AEF}.Debug|Any CPU.Build.0 = Debug|Any CPU
		{01FCBC93-8AB9-4A96-9B22-9127099F8AEF}.Release|Any CPU.ActiveCfg = Release|Any CPU
		{01FCBC93-8AB9-4A96-9B22-9127099F8AEF}.Release|Any CPU.Build.0 = Release|Any CPU
		{17A4B173-3DBF-4DE6-ADDC-2C3C6E414D3C}.Debug|Any CPU.ActiveCfg = Debug|Any CPU
		{17A4B173-3DBF-4DE6-ADDC-2C3C6E414D3C}.Debug|Any CPU.Build.0 = Debug|Any CPU
		{17A4B173-3DBF-4DE6-ADDC-2C3C6E414D3C}.Release|Any CPU.ActiveCfg = Release|Any CPU
		{17A4B173-3DBF-4DE6-ADDC-2C3C6E414D3C}.Release|Any CPU.Build.0 = Release|Any CPU
		{9DFDEF16-9243-4EB8-ACD6-05B5B25942DE}.Debug|Any CPU.ActiveCfg = Debug|Any CPU
		{9DFDEF16-9243-4EB8-ACD6-05B5B25942DE}.Debug|Any CPU.Build.0 = Debug|Any CPU
		{9DFDEF16-9243-4EB8-ACD6-05B5B25942DE}.Release|Any CPU.ActiveCfg = Release|Any CPU
		{9DFDEF16-9243-4EB8-ACD6-05B5B25942DE}.Release|Any CPU.Build.0 = Release|Any CPU
		{411597B4-1C1C-43B5-B102-164A9910BB3F}.Debug|Any CPU.ActiveCfg = Debug|Any CPU
		{411597B4-1C1C-43B5-B102-164A9910BB3F}.Debug|Any CPU.Build.0 = Debug|Any CPU
		{411597B4-1C1C-43B5-B102-164A9910BB3F}.Release|Any CPU.ActiveCfg = Release|Any CPU
		{411597B4-1C1C-43B5-B102-164A9910BB3F}.Release|Any CPU.Build.0 = Release|Any CPU
		{246CC373-CCC1-4FF8-AE1F-4BF6F4871434}.Debug|Any CPU.ActiveCfg = Debug|Any CPU
		{246CC373-CCC1-4FF8-AE1F-4BF6F4871434}.Debug|Any CPU.Build.0 = Debug|Any CPU
		{246CC373-CCC1-4FF8-AE1F-4BF6F4871434}.Release|Any CPU.ActiveCfg = Release|Any CPU
		{246CC373-CCC1-4FF8-AE1F-4BF6F4871434}.Release|Any CPU.Build.0 = Release|Any CPU
		{4846E79B-3AE3-4A19-92DB-75C11299014A}.Debug|Any CPU.ActiveCfg = Debug|Any CPU
		{4846E79B-3AE3-4A19-92DB-75C11299014A}.Debug|Any CPU.Build.0 = Debug|Any CPU
		{4846E79B-3AE3-4A19-92DB-75C11299014A}.Release|Any CPU.ActiveCfg = Release|Any CPU
		{4846E79B-3AE3-4A19-92DB-75C11299014A}.Release|Any CPU.Build.0 = Release|Any CPU
		{4B45B55C-9398-4DE1-A179-FF4B4C83DBBD}.Debug|Any CPU.ActiveCfg = Debug|Any CPU
		{4B45B55C-9398-4DE1-A179-FF4B4C83DBBD}.Debug|Any CPU.Build.0 = Debug|Any CPU
		{4B45B55C-9398-4DE1-A179-FF4B4C83DBBD}.Release|Any CPU.ActiveCfg = Release|Any CPU
		{4B45B55C-9398-4DE1-A179-FF4B4C83DBBD}.Release|Any CPU.Build.0 = Release|Any CPU
		{A10B1965-CEFC-49D3-B01B-F68CED0CC703}.Debug|Any CPU.ActiveCfg = Debug|Any CPU
		{A10B1965-CEFC-49D3-B01B-F68CED0CC703}.Debug|Any CPU.Build.0 = Debug|Any CPU
		{A10B1965-CEFC-49D3-B01B-F68CED0CC703}.Release|Any CPU.ActiveCfg = Release|Any CPU
		{A10B1965-CEFC-49D3-B01B-F68CED0CC703}.Release|Any CPU.Build.0 = Release|Any CPU
		{29CFCB77-5AA8-4578-85A9-8DDBC0514440}.Debug|Any CPU.ActiveCfg = Debug|Any CPU
		{29CFCB77-5AA8-4578-85A9-8DDBC0514440}.Debug|Any CPU.Build.0 = Debug|Any CPU
		{29CFCB77-5AA8-4578-85A9-8DDBC0514440}.Release|Any CPU.ActiveCfg = Release|Any CPU
		{29CFCB77-5AA8-4578-85A9-8DDBC0514440}.Release|Any CPU.Build.0 = Release|Any CPU
		{BC01B7FF-C5F6-4C59-91A4-D1D51C7FDEC8}.Debug|Any CPU.ActiveCfg = Debug|Any CPU
		{BC01B7FF-C5F6-4C59-91A4-D1D51C7FDEC8}.Debug|Any CPU.Build.0 = Debug|Any CPU
		{BC01B7FF-C5F6-4C59-91A4-D1D51C7FDEC8}.Release|Any CPU.ActiveCfg = Release|Any CPU
		{BC01B7FF-C5F6-4C59-91A4-D1D51C7FDEC8}.Release|Any CPU.Build.0 = Release|Any CPU
		{63D133F2-04C0-4671-B9B4-6E1967EA83F5}.Debug|Any CPU.ActiveCfg = Debug|Any CPU
		{63D133F2-04C0-4671-B9B4-6E1967EA83F5}.Debug|Any CPU.Build.0 = Debug|Any CPU
		{63D133F2-04C0-4671-B9B4-6E1967EA83F5}.Release|Any CPU.ActiveCfg = Release|Any CPU
		{63D133F2-04C0-4671-B9B4-6E1967EA83F5}.Release|Any CPU.Build.0 = Release|Any CPU
		{C3EB2601-434D-4999-846E-D3AC80FA391E}.Debug|Any CPU.ActiveCfg = Debug|Any CPU
		{C3EB2601-434D-4999-846E-D3AC80FA391E}.Debug|Any CPU.Build.0 = Debug|Any CPU
		{C3EB2601-434D-4999-846E-D3AC80FA391E}.Release|Any CPU.ActiveCfg = Release|Any CPU
		{C3EB2601-434D-4999-846E-D3AC80FA391E}.Release|Any CPU.Build.0 = Release|Any CPU
		{C5C82396-506F-49B2-9F26-E284D98B0DBA}.Debug|Any CPU.ActiveCfg = Debug|Any CPU
		{C5C82396-506F-49B2-9F26-E284D98B0DBA}.Debug|Any CPU.Build.0 = Debug|Any CPU
		{C5C82396-506F-49B2-9F26-E284D98B0DBA}.Release|Any CPU.ActiveCfg = Release|Any CPU
		{C5C82396-506F-49B2-9F26-E284D98B0DBA}.Release|Any CPU.Build.0 = Release|Any CPU
		{59C6C511-9C87-439A-A44A-60775FCA9081}.Debug|Any CPU.ActiveCfg = Debug|Any CPU
		{59C6C511-9C87-439A-A44A-60775FCA9081}.Debug|Any CPU.Build.0 = Debug|Any CPU
		{59C6C511-9C87-439A-A44A-60775FCA9081}.Release|Any CPU.ActiveCfg = Release|Any CPU
		{59C6C511-9C87-439A-A44A-60775FCA9081}.Release|Any CPU.Build.0 = Release|Any CPU
	EndGlobalSection
	GlobalSection(SolutionProperties) = preSolution
		HideSolutionNode = FALSE
	EndGlobalSection
	GlobalSection(ExtensibilityGlobals) = postSolution
		SolutionGuid = {1C4D56EF-740F-48A5-B430-2F79226BC066}
	EndGlobalSection
EndGlobal
